
Microsoft Visual Studio Solution File, Format Version 12.00
# Visual Studio 14
VisualStudioVersion = 14.0.23107.0
MinimumVisualStudioVersion = 10.0.40219.1
Project("{E24C65DC-7377-472B-9ABA-BC803B73C61A}") = "AngularAuth.Client", "AngularAuth.Client\", "{C0A5EF18-92BE-432A-A128-5CADBE92E8FF}"
	ProjectSection(WebsiteProperties) = preProject
		TargetFrameworkMoniker = ".NETFramework,Version%3Dv4.5.2"
		Debug.AspNetCompiler.VirtualPath = "/localhost_59774"
		Debug.AspNetCompiler.PhysicalPath = "AngularAuth.Client\"
		Debug.AspNetCompiler.TargetPath = "PrecompiledWeb\localhost_59774\"
		Debug.AspNetCompiler.Updateable = "true"
		Debug.AspNetCompiler.ForceOverwrite = "true"
		Debug.AspNetCompiler.FixedNames = "false"
		Debug.AspNetCompiler.Debug = "True"
		Release.AspNetCompiler.VirtualPath = "/localhost_59774"
		Release.AspNetCompiler.PhysicalPath = "AngularAuth.Client\"
		Release.AspNetCompiler.TargetPath = "PrecompiledWeb\localhost_59774\"
		Release.AspNetCompiler.Updateable = "true"
		Release.AspNetCompiler.ForceOverwrite = "true"
		Release.AspNetCompiler.FixedNames = "false"
		Release.AspNetCompiler.Debug = "False"
		VWDPort = "59774"
		SlnRelativePath = "AngularAuth.Client\"
		DefaultWebSiteLanguage = "Visual C#"
	EndProjectSection
EndProject
Global
	GlobalSection(SolutionConfigurationPlatforms) = preSolution
		Debug|Any CPU = Debug|Any CPU
	EndGlobalSection
	GlobalSection(ProjectConfigurationPlatforms) = postSolution
		{C0A5EF18-92BE-432A-A128-5CADBE92E8FF}.Debug|Any CPU.ActiveCfg = Debug|Any CPU
		{C0A5EF18-92BE-432A-A128-5CADBE92E8FF}.Debug|Any CPU.Build.0 = Debug|Any CPU
	EndGlobalSection
	GlobalSection(SolutionProperties) = preSolution
		HideSolutionNode = FALSE
	EndGlobalSection
EndGlobal
